
Microsoft Visual Studio Solution File, Format Version 12.00
# Visual Studio 14
VisualStudioVersion = 14.0.25420.1
MinimumVisualStudioVersion = 10.0.40219.1
Project("{FAE04EC0-301F-11D3-BF4B-00C04F79EFBC}") = "OCRDemo", "OCRDemo\OCRDemo.csproj", "{C8DB796F-D98F-42E0-897B-3FDEE15C83F3}"
EndProject
Project("{FAE04EC0-301F-11D3-BF4B-00C04F79EFBC}") = "OCRDemo.iOS", "iOS\OCRDemo.iOS.csproj", "{F3482F1C-C1CF-495F-91B2-CB1015BF305B}"
EndProject
Project("{FAE04EC0-301F-11D3-BF4B-00C04F79EFBC}") = "OCRDemo.Android", "Droid\OCRDemo.Android.csproj", "{2D59380F-BB3E-4B8E-8BD7-AC0FF8FC2C10}"
EndProject
Global
	GlobalSection(SolutionConfigurationPlatforms) = preSolution
		Debug|Any CPU = Debug|Any CPU
		Debug|iPhone = Debug|iPhone
		Debug|iPhoneSimulator = Debug|iPhoneSimulator
		Release|Any CPU = Release|Any CPU
		Release|iPhone = Release|iPhone
		Release|iPhoneSimulator = Release|iPhoneSimulator
	EndGlobalSection
	GlobalSection(ProjectConfigurationPlatforms) = postSolution
		{C8DB796F-D98F-42E0-897B-3FDEE15C83F3}.Debug|Any CPU.ActiveCfg = Debug|Any CPU
		{C8DB796F-D98F-42E0-897B-3FDEE15C83F3}.Debug|Any CPU.Build.0 = Debug|Any CPU
		{C8DB796F-D98F-42E0-897B-3FDEE15C83F3}.Debug|iPhone.ActiveCfg = Debug|Any CPU
		{C8DB796F-D98F-42E0-897B-3FDEE15C83F3}.Debug|iPhone.Build.0 = Debug|Any CPU
		{C8DB796F-D98F-42E0-897B-3FDEE15C83F3}.Debug|iPhoneSimulator.ActiveCfg = Debug|Any CPU
		{C8DB796F-D98F-42E0-897B-3FDEE15C83F3}.Debug|iPhoneSimulator.Build.0 = Debug|Any CPU
		{C8DB796F-D98F-42E0-897B-3FDEE15C83F3}.Release|Any CPU.ActiveCfg = Release|Any CPU
		{C8DB796F-D98F-42E0-897B-3FDEE15C83F3}.Release|Any CPU.Build.0 = Release|Any CPU
		{C8DB796F-D98F-42E0-897B-3FDEE15C83F3}.Release|iPhone.ActiveCfg = Release|Any CPU
		{C8DB796F-D98F-42E0-897B-3FDEE15C83F3}.Release|iPhone.Build.0 = Release|Any CPU
		{C8DB796F-D98F-42E0-897B-3FDEE15C83F3}.Release|iPhoneSimulator.ActiveCfg = Release|Any CPU
		{C8DB796F-D98F-42E0-897B-3FDEE15C83F3}.Release|iPhoneSimulator.Build.0 = Release|Any CPU
		{F3482F1C-C1CF-495F-91B2-CB1015BF305B}.Debug|Any CPU.ActiveCfg = Debug|iPhoneSimulator
		{F3482F1C-C1CF-495F-91B2-CB1015BF305B}.Debug|Any CPU.Build.0 = Debug|iPhoneSimulator
		{F3482F1C-C1CF-495F-91B2-CB1015BF305B}.Debug|iPhone.ActiveCfg = Debug|iPhone
		{F3482F1C-C1CF-495F-91B2-CB1015BF305B}.Debug|iPhone.Build.0 = Debug|iPhone
		{F3482F1C-C1CF-495F-91B2-CB1015BF305B}.Debug|iPhoneSimulator.ActiveCfg = Debug|iPhoneSimulator
		{F3482F1C-C1CF-495F-91B2-CB1015BF305B}.Debug|iPhoneSimulator.Build.0 = Debug|iPhoneSimulator
		{F3482F1C-C1CF-495F-91B2-CB1015BF305B}.Release|Any CPU.ActiveCfg = Release|iPhone
		{F3482F1C-C1CF-495F-91B2-CB1015BF305B}.Release|Any CPU.Build.0 = Release|iPhone
		{F3482F1C-C1CF-495F-91B2-CB1015BF305B}.Release|iPhone.ActiveCfg = Release|iPhone
		{F3482F1C-C1CF-495F-91B2-CB1015BF305B}.Release|iPhone.Build.0 = Release|iPhone
		{F3482F1C-C1CF-495F-91B2-CB1015BF305B}.Release|iPhoneSimulator.ActiveCfg = Release|iPhoneSimulator
		{F3482F1C-C1CF-495F-91B2-CB1015BF305B}.Release|iPhoneSimulator.Build.0 = Release|iPhoneSimulator
		{2D59380F-BB3E-4B8E-8BD7-AC0FF8FC2C10}.Debug|Any CPU.ActiveCfg = Debug|Any CPU
		{2D59380F-BB3E-4B8E-8BD7-AC0FF8FC2C10}.Debug|Any CPU.Build.0 = Debug|Any CPU
		{2D59380F-BB3E-4B8E-8BD7-AC0FF8FC2C10}.Debug|Any CPU.Deploy.0 = Debug|Any CPU
		{2D59380F-BB3E-4B8E-8BD7-AC0FF8FC2C10}.Debug|iPhone.ActiveCfg = Debug|Any CPU
		{2D59380F-BB3E-4B8E-8BD7-AC0FF8FC2C10}.Debug|iPhone.Build.0 = Debug|Any CPU
		{2D59380F-BB3E-4B8E-8BD7-AC0FF8FC2C10}.Debug|iPhoneSimulator.ActiveCfg = Debug|Any CPU
		{2D59380F-BB3E-4B8E-8BD7-AC0FF8FC2C10}.Debug|iPhoneSimulator.Build.0 = Debug|Any CPU
		{2D59380F-BB3E-4B8E-8BD7-AC0FF8FC2C10}.Release|Any CPU.ActiveCfg = Release|Any CPU
		{2D59380F-BB3E-4B8E-8BD7-AC0FF8FC2C10}.Release|Any CPU.Build.0 = Release|Any CPU
		{2D59380F-BB3E-4B8E-8BD7-AC0FF8FC2C10}.Release|iPhone.ActiveCfg = Release|Any CPU
		{2D59380F-BB3E-4B8E-8BD7-AC0FF8FC2C10}.Release|iPhone.Build.0 = Release|Any CPU
		{2D59380F-BB3E-4B8E-8BD7-AC0FF8FC2C10}.Release|iPhoneSimulator.ActiveCfg = Release|Any CPU
		{2D59380F-BB3E-4B8E-8BD7-AC0FF8FC2C10}.Release|iPhoneSimulator.Build.0 = Release|Any CPU
	EndGlobalSection
	GlobalSection(SolutionProperties) = preSolution
		HideSolutionNode = FALSE
	EndGlobalSection
EndGlobal
